
Microsoft Visual Studio Solution File, Format Version 12.00
# Visual Studio Version 17
VisualStudioVersion = 17.1.32328.378
MinimumVisualStudioVersion = 10.0.40219.1
Project("{FAE04EC0-301F-11D3-BF4B-00C04F79EFBC}") = "LinkedinProfile", "LinkedinProfile\LinkedinProfile.csproj", "{9F47B12E-08F2-4365-927D-3D8842C39E8F}"
EndProject
Global
	GlobalSection(SolutionConfigurationPlatforms) = preSolution
		Debug|Any CPU = Debug|Any CPU
		Release|Any CPU = Release|Any CPU
	EndGlobalSection
	GlobalSection(ProjectConfigurationPlatforms) = postSolution
		{9F47B12E-08F2-4365-927D-3D8842C39E8F}.Debug|Any CPU.ActiveCfg = Debug|Any CPU
		{9F47B12E-08F2-4365-927D-3D8842C39E8F}.Debug|Any CPU.Build.0 = Debug|Any CPU
		{9F47B12E-08F2-4365-927D-3D8842C39E8F}.Release|Any CPU.ActiveCfg = Release|Any CPU
		{9F47B12E-08F2-4365-927D-3D8842C39E8F}.Release|Any CPU.Build.0 = Release|Any CPU
	EndGlobalSection
	GlobalSection(SolutionProperties) = preSolution
		HideSolutionNode = FALSE
	EndGlobalSection
	GlobalSection(ExtensibilityGlobals) = postSolution
		SolutionGuid = {793C794F-0154-43F1-91BD-5C73EBD7F0E3}
	EndGlobalSection
EndGlobal
